
Microsoft Visual Studio Solution File, Format Version 12.00
Project("{FAE04EC0-301F-11D3-BF4B-00C04F79EFBC}") = "RecipesApp", "RecipesApp.csproj", "{60BD87CD-761B-4B73-9C41-1D42B294D99B}"
EndProject
Global
	GlobalSection(SolutionConfigurationPlatforms) = preSolution
		Debug|Any CPU = Debug|Any CPU
		Release|Any CPU = Release|Any CPU
	EndGlobalSection
	GlobalSection(ProjectConfigurationPlatforms) = postSolution
		{60BD87CD-761B-4B73-9C41-1D42B294D99B}.Debug|Any CPU.ActiveCfg = Debug|Any CPU
		{60BD87CD-761B-4B73-9C41-1D42B294D99B}.Debug|Any CPU.Build.0 = Debug|Any CPU
		{60BD87CD-761B-4B73-9C41-1D42B294D99B}.Release|Any CPU.ActiveCfg = Release|Any CPU
		{60BD87CD-761B-4B73-9C41-1D42B294D99B}.Release|Any CPU.Build.0 = Release|Any CPU
	EndGlobalSection
EndGlobal
